
Microsoft Visual Studio Solution File, Format Version 12.00
# Visual Studio Version 17
VisualStudioVersion = 17.5.33424.131
MinimumVisualStudioVersion = 10.0.40219.1
Project("{9A19103F-16F7-4668-BE54-9A1E7A4F7556}") = "NoConsumeBossSpawn", "NoConsumeBossSpawn.csproj", "{ED0A8315-8005-47B8-8C5D-D9E3D6B8CFF4}"
EndProject
Global
	GlobalSection(SolutionConfigurationPlatforms) = preSolution
		Debug|Any CPU = Debug|Any CPU
		Release|Any CPU = Release|Any CPU
	EndGlobalSection
	GlobalSection(ProjectConfigurationPlatforms) = postSolution
		{ED0A8315-8005-47B8-8C5D-D9E3D6B8CFF4}.Debug|Any CPU.ActiveCfg = Debug|Any CPU
		{ED0A8315-8005-47B8-8C5D-D9E3D6B8CFF4}.Debug|Any CPU.Build.0 = Debug|Any CPU
		{ED0A8315-8005-47B8-8C5D-D9E3D6B8CFF4}.Release|Any CPU.ActiveCfg = Release|Any CPU
		{ED0A8315-8005-47B8-8C5D-D9E3D6B8CFF4}.Release|Any CPU.Build.0 = Release|Any CPU
	EndGlobalSection
	GlobalSection(SolutionProperties) = preSolution
		HideSolutionNode = FALSE
	EndGlobalSection
	GlobalSection(ExtensibilityGlobals) = postSolution
		SolutionGuid = {2B4EE836-3782-4D18-8375-C44A34354401}
	EndGlobalSection
EndGlobal
